
Microsoft Visual Studio Solution File, Format Version 12.00
# Visual Studio 15
VisualStudioVersion = 15.0.26430.15
MinimumVisualStudioVersion = 10.0.40219.1
Project("{FAE04EC0-301F-11D3-BF4B-00C04F79EFBC}") = "Bifrost.IO.Ports", "Bifrost.IO.Ports\Bifrost.IO.Ports.csproj", "{5977BC4F-DF07-44EF-A53A-0B612270F352}"
EndProject
Project("{FAE04EC0-301F-11D3-BF4B-00C04F79EFBC}") = "Bifrost.IO.Ports.Abstractions", "Bifrost.IO.Ports.Abstractions\Bifrost.IO.Ports.Abstractions.csproj", "{FECC500B-D01B-4210-AB34-0EA3E227F789}"
EndProject
Project("{FAE04EC0-301F-11D3-BF4B-00C04F79EFBC}") = "Bifrost.IO.Ports.Core", "Bifrost.IO.Ports.Core\Bifrost.IO.Ports.Core.csproj", "{015E9747-7BB3-4037-852D-26A28E4D3208}"
EndProject
Project("{FAE04EC0-301F-11D3-BF4B-00C04F79EFBC}") = "SerialSample", "SerialSample\SerialSample.csproj", "{3B962E51-7BC5-48BE-A37A-173C6599B1DE}"
EndProject
Global
	GlobalSection(SolutionConfigurationPlatforms) = preSolution
		Debug|Any CPU = Debug|Any CPU
		Release|Any CPU = Release|Any CPU
	EndGlobalSection
	GlobalSection(ProjectConfigurationPlatforms) = postSolution
		{5977BC4F-DF07-44EF-A53A-0B612270F352}.Debug|Any CPU.ActiveCfg = Debug|Any CPU
		{5977BC4F-DF07-44EF-A53A-0B612270F352}.Debug|Any CPU.Build.0 = Debug|Any CPU
		{5977BC4F-DF07-44EF-A53A-0B612270F352}.Release|Any CPU.ActiveCfg = Release|Any CPU
		{5977BC4F-DF07-44EF-A53A-0B612270F352}.Release|Any CPU.Build.0 = Release|Any CPU
		{FECC500B-D01B-4210-AB34-0EA3E227F789}.Debug|Any CPU.ActiveCfg = Debug|Any CPU
		{FECC500B-D01B-4210-AB34-0EA3E227F789}.Debug|Any CPU.Build.0 = Debug|Any CPU
		{FECC500B-D01B-4210-AB34-0EA3E227F789}.Release|Any CPU.ActiveCfg = Release|Any CPU
		{FECC500B-D01B-4210-AB34-0EA3E227F789}.Release|Any CPU.Build.0 = Release|Any CPU
		{015E9747-7BB3-4037-852D-26A28E4D3208}.Debug|Any CPU.ActiveCfg = Debug|Any CPU
		{015E9747-7BB3-4037-852D-26A28E4D3208}.Debug|Any CPU.Build.0 = Debug|Any CPU
		{015E9747-7BB3-4037-852D-26A28E4D3208}.Release|Any CPU.ActiveCfg = Release|Any CPU
		{015E9747-7BB3-4037-852D-26A28E4D3208}.Release|Any CPU.Build.0 = Release|Any CPU
		{3B962E51-7BC5-48BE-A37A-173C6599B1DE}.Debug|Any CPU.ActiveCfg = Debug|Any CPU
		{3B962E51-7BC5-48BE-A37A-173C6599B1DE}.Debug|Any CPU.Build.0 = Debug|Any CPU
		{3B962E51-7BC5-48BE-A37A-173C6599B1DE}.Release|Any CPU.ActiveCfg = Release|Any CPU
		{3B962E51-7BC5-48BE-A37A-173C6599B1DE}.Release|Any CPU.Build.0 = Release|Any CPU
	EndGlobalSection
	GlobalSection(SolutionProperties) = preSolution
		HideSolutionNode = FALSE
	EndGlobalSection
EndGlobal
